
Microsoft Visual Studio Solution File, Format Version 12.00
# Visual Studio Version 17
VisualStudioVersion = 17.14.36203.30 d17.14
MinimumVisualStudioVersion = 10.0.40219.1
Project("{F2A71F9B-5D33-465A-A702-920D77279786}") = "clod--", "clod--.fsproj", "{C6C1DED4-D8F5-4EB0-A917-6C1A9341F1CF}"
EndProject
Global
	GlobalSection(SolutionConfigurationPlatforms) = preSolution
		Debug|Any CPU = Debug|Any CPU
		Release|Any CPU = Release|Any CPU
	EndGlobalSection
	GlobalSection(ProjectConfigurationPlatforms) = postSolution
		{C6C1DED4-D8F5-4EB0-A917-6C1A9341F1CF}.Debug|Any CPU.ActiveCfg = Debug|Any CPU
		{C6C1DED4-D8F5-4EB0-A917-6C1A9341F1CF}.Debug|Any CPU.Build.0 = Debug|Any CPU
		{C6C1DED4-D8F5-4EB0-A917-6C1A9341F1CF}.Release|Any CPU.ActiveCfg = Release|Any CPU
		{C6C1DED4-D8F5-4EB0-A917-6C1A9341F1CF}.Release|Any CPU.Build.0 = Release|Any CPU
	EndGlobalSection
	GlobalSection(SolutionProperties) = preSolution
		HideSolutionNode = FALSE
	EndGlobalSection
	GlobalSection(ExtensibilityGlobals) = postSolution
		SolutionGuid = {CEB5C3BE-2EE3-4386-9EF5-A68A8093543C}
	EndGlobalSection
EndGlobal
